{
    "name": "workspace-master",
    "version": "1.0.0",
    "lockfileVersion": 1,
    "requires": true,
    "dependencies": {
        "jssha": {
            "version": "2.3.1",
            "resolved": "https://registry.npmjs.org/jssha/-/jssha-2.3.1.tgz",
            "integrity": "sha1-FHshJTaQNcpLL30hDcU58Amz3po="
        },
        "vue-loading-overlay": {
            "version": "3.2.0",
            "resolved": "https://registry.npmjs.org/vue-loading-overlay/-/vue-loading-overlay-3.2.0.tgz",
            "integrity": "sha512-QBHa+vwcQ3k3oKp4pucP7RHWHSQvgVWFlDFqSaXLu+kCuEv1PZCoerAo1T04enF5y9yMFCqh7L9ChrWHy7HYvA=="
        }
    }
}
